
Microsoft Visual Studio Solution File, Format Version 12.00
# Visual Studio 15
VisualStudioVersion = 15.0.28307.438
MinimumVisualStudioVersion = 10.0.40219.1
Project("{888888A0-9F3D-457C-B088-3A5042F75D52}") = "MarchMadness", "MarchMadness\MarchMadness.pyproj", "{1B850313-E512-44F4-83E0-9AECBCCE456F}"
EndProject
Global
	GlobalSection(SolutionConfigurationPlatforms) = preSolution
		Debug|Any CPU = Debug|Any CPU
		Release|Any CPU = Release|Any CPU
	EndGlobalSection
	GlobalSection(ProjectConfigurationPlatforms) = postSolution
		{1B850313-E512-44F4-83E0-9AECBCCE456F}.Debug|Any CPU.ActiveCfg = Debug|Any CPU
		{1B850313-E512-44F4-83E0-9AECBCCE456F}.Release|Any CPU.ActiveCfg = Release|Any CPU
	EndGlobalSection
	GlobalSection(SolutionProperties) = preSolution
		HideSolutionNode = FALSE
	EndGlobalSection
	GlobalSection(ExtensibilityGlobals) = postSolution
		SolutionGuid = {CABE2D3F-3885-4C3F-BF36-21917E8AA64A}
	EndGlobalSection
EndGlobal
